
Microsoft Visual Studio Solution File, Format Version 12.00
# Visual Studio Version 16
VisualStudioVersion = 16.0.29418.71
MinimumVisualStudioVersion = 10.0.40219.1
Project("{FAE04EC0-301F-11D3-BF4B-00C04F79EFBC}") = "lab1", "lab1\lab1.csproj", "{DB71B09D-3A36-4D81-962B-6A711B63268B}"
EndProject
Global
	GlobalSection(SolutionConfigurationPlatforms) = preSolution
		Debug|Any CPU = Debug|Any CPU
		Release|Any CPU = Release|Any CPU
	EndGlobalSection
	GlobalSection(ProjectConfigurationPlatforms) = postSolution
		{DB71B09D-3A36-4D81-962B-6A711B63268B}.Debug|Any CPU.ActiveCfg = Debug|Any CPU
		{DB71B09D-3A36-4D81-962B-6A711B63268B}.Debug|Any CPU.Build.0 = Debug|Any CPU
		{DB71B09D-3A36-4D81-962B-6A711B63268B}.Release|Any CPU.ActiveCfg = Release|Any CPU
		{DB71B09D-3A36-4D81-962B-6A711B63268B}.Release|Any CPU.Build.0 = Release|Any CPU
	EndGlobalSection
	GlobalSection(SolutionProperties) = preSolution
		HideSolutionNode = FALSE
	EndGlobalSection
	GlobalSection(ExtensibilityGlobals) = postSolution
		SolutionGuid = {8D8B1E45-981F-456C-95DE-E46A9A75E87C}
	EndGlobalSection
EndGlobal
